
Microsoft Visual Studio Solution File, Format Version 12.00
# Visual Studio 14
VisualStudioVersion = 14.0.25123.0
MinimumVisualStudioVersion = 10.0.40219.1
Project("{FAE04EC0-301F-11D3-BF4B-00C04F79EFBC}") = "Ninja Safe Internet", "Ninja Safe Internet\Ninja Safe Internet.csproj", "{EA2FAEAE-F885-4551-A907-23B980C7D28A}"
EndProject
Project("{FAE04EC0-301F-11D3-BF4B-00C04F79EFBC}") = "ChekApp", "WindowsFormsApplication1\ChekApp.csproj", "{C685BDBC-78F7-4699-9EC8-BD7308F6BE21}"
EndProject
Project("{FAE04EC0-301F-11D3-BF4B-00C04F79EFBC}") = "Інтернет Батько", "Інтернет Батько\Інтернет Батько.csproj", "{47F39DDF-3448-47BE-8EB9-4D0E34C8CB33}"
EndProject
Global
	GlobalSection(SolutionConfigurationPlatforms) = preSolution
		Debug|Any CPU = Debug|Any CPU
		Release|Any CPU = Release|Any CPU
	EndGlobalSection
	GlobalSection(ProjectConfigurationPlatforms) = postSolution
		{EA2FAEAE-F885-4551-A907-23B980C7D28A}.Debug|Any CPU.ActiveCfg = Debug|Any CPU
		{EA2FAEAE-F885-4551-A907-23B980C7D28A}.Debug|Any CPU.Build.0 = Debug|Any CPU
		{EA2FAEAE-F885-4551-A907-23B980C7D28A}.Release|Any CPU.ActiveCfg = Release|Any CPU
		{EA2FAEAE-F885-4551-A907-23B980C7D28A}.Release|Any CPU.Build.0 = Release|Any CPU
		{C685BDBC-78F7-4699-9EC8-BD7308F6BE21}.Debug|Any CPU.ActiveCfg = Debug|Any CPU
		{C685BDBC-78F7-4699-9EC8-BD7308F6BE21}.Debug|Any CPU.Build.0 = Debug|Any CPU
		{C685BDBC-78F7-4699-9EC8-BD7308F6BE21}.Release|Any CPU.ActiveCfg = Release|Any CPU
		{C685BDBC-78F7-4699-9EC8-BD7308F6BE21}.Release|Any CPU.Build.0 = Release|Any CPU
		{47F39DDF-3448-47BE-8EB9-4D0E34C8CB33}.Debug|Any CPU.ActiveCfg = Debug|Any CPU
		{47F39DDF-3448-47BE-8EB9-4D0E34C8CB33}.Debug|Any CPU.Build.0 = Debug|Any CPU
		{47F39DDF-3448-47BE-8EB9-4D0E34C8CB33}.Release|Any CPU.ActiveCfg = Release|Any CPU
		{47F39DDF-3448-47BE-8EB9-4D0E34C8CB33}.Release|Any CPU.Build.0 = Release|Any CPU
	EndGlobalSection
	GlobalSection(SolutionProperties) = preSolution
		HideSolutionNode = FALSE
	EndGlobalSection
EndGlobal
